// !$*UTF8*$!
{
	archiveVersion = 1;
	classes = {
	};
	objectVersion = 46;
	objects = {

/* Begin PBXBuildFile section */
		20898DD61B52D692009DE1EA /* login.m in Sources */ = {isa = PBXBuildFile; fileRef = 20898DD51B52D692009DE1EA /* login.m */; };
		20898DD81B538ABD009DE1EA /* RequestController.swift in Sources */ = {isa = PBXBuildFile; fileRef = 20898DD71B538ABD009DE1EA /* RequestController.swift */; };
		8AC04C341B66695800EA7B1C /* AppDelegate.swift in Sources */ = {isa = PBXBuildFile; fileRef = 8AC04C331B66695800EA7B1C /* AppDelegate.swift */; };
		8AC04C3B1B66695800EA7B1C /* Images.xcassets in Resources */ = {isa = PBXBuildFile; fileRef = 8AC04C3A1B66695800EA7B1C /* Images.xcassets */; };
		8AC04C3E1B66695800EA7B1C /* LaunchScreen.xib in Resources */ = {isa = PBXBuildFile; fileRef = 8AC04C3C1B66695800EA7B1C /* LaunchScreen.xib */; };
		8AC04C4A1B66695800EA7B1C /* RIDE417Tests.swift in Sources */ = {isa = PBXBuildFile; fileRef = 8AC04C491B66695800EA7B1C /* RIDE417Tests.swift */; };
		8AC04C531B6673F800EA7B1C /* Main.storyboard in Resources */ = {isa = PBXBuildFile; fileRef = 8AC04C371B66695800EA7B1C /* Main.storyboard */; };
		8AC04C541B66766400EA7B1C /* ViewController.swift in Sources */ = {isa = PBXBuildFile; fileRef = 8AC04C351B66695800EA7B1C /* ViewController.swift */; };
		8AC04C561B667A7900EA7B1C /* NewAccountViewController.swift in Sources */ = {isa = PBXBuildFile; fileRef = 8AC04C551B667A7900EA7B1C /* NewAccountViewController.swift */; };
		8AC04C5D1B66BBCA00EA7B1C /* Bolts.framework in Frameworks */ = {isa = PBXBuildFile; fileRef = 8AC04C571B66BBCA00EA7B1C /* Bolts.framework */; };
		8AC04C5E1B66BBCA00EA7B1C /* Parse.framework in Frameworks */ = {isa = PBXBuildFile; fileRef = 8AC04C581B66BBCA00EA7B1C /* Parse.framework */; };
		8AC04C5F1B66BBCA00EA7B1C /* ParseCrashReporting.framework in Frameworks */ = {isa = PBXBuildFile; fileRef = 8AC04C591B66BBCA00EA7B1C /* ParseCrashReporting.framework */; };
		8AC04C601B66BBCA00EA7B1C /* ParseFacebookUtils.framework in Frameworks */ = {isa = PBXBuildFile; fileRef = 8AC04C5A1B66BBCA00EA7B1C /* ParseFacebookUtils.framework */; };
		8AC04C611B66BBCA00EA7B1C /* ParseFacebookUtilsV4.framework in Frameworks */ = {isa = PBXBuildFile; fileRef = 8AC04C5B1B66BBCA00EA7B1C /* ParseFacebookUtilsV4.framework */; };
		8AC04C621B66BBCA00EA7B1C /* ParseUI.framework in Frameworks */ = {isa = PBXBuildFile; fileRef = 8AC04C5C1B66BBCA00EA7B1C /* ParseUI.framework */; };
		8AC04C671B66BC3600EA7B1C /* AudioToolbox.framework in Frameworks */ = {isa = PBXBuildFile; fileRef = 8AC04C631B66BC3600EA7B1C /* AudioToolbox.framework */; };
		8AC04C681B66BC3600EA7B1C /* CFNetwork.framework in Frameworks */ = {isa = PBXBuildFile; fileRef = 8AC04C641B66BC3600EA7B1C /* CFNetwork.framework */; };
		8AC04C691B66BC3600EA7B1C /* CoreGraphics.framework in Frameworks */ = {isa = PBXBuildFile; fileRef = 8AC04C651B66BC3600EA7B1C /* CoreGraphics.framework */; };
		8AC04C6A1B66BC3600EA7B1C /* CoreLocation.framework in Frameworks */ = {isa = PBXBuildFile; fileRef = 8AC04C661B66BC3600EA7B1C /* CoreLocation.framework */; };
		8AC04C6F1B66BC5F00EA7B1C /* QuartzCore.framework in Frameworks */ = {isa = PBXBuildFile; fileRef = 8AC04C6B1B66BC5F00EA7B1C /* QuartzCore.framework */; };
		8AC04C701B66BC5F00EA7B1C /* Security.framework in Frameworks */ = {isa = PBXBuildFile; fileRef = 8AC04C6C1B66BC5F00EA7B1C /* Security.framework */; };
		8AC04C711B66BC5F00EA7B1C /* StoreKit.framework in Frameworks */ = {isa = PBXBuildFile; fileRef = 8AC04C6D1B66BC5F00EA7B1C /* StoreKit.framework */; };
		8AC04C721B66BC5F00EA7B1C /* SystemConfiguration.framework in Frameworks */ = {isa = PBXBuildFile; fileRef = 8AC04C6E1B66BC5F00EA7B1C /* SystemConfiguration.framework */; };
		8AC04C751B66BC8000EA7B1C /* libsqlite3.dylib in Frameworks */ = {isa = PBXBuildFile; fileRef = 8AC04C731B66BC8000EA7B1C /* libsqlite3.dylib */; };
		8AC04C761B66BC8000EA7B1C /* libz.dylib in Frameworks */ = {isa = PBXBuildFile; fileRef = 8AC04C741B66BC8000EA7B1C /* libz.dylib */; };
		8AF172D31B4B6B2C00D85C1D /* AppDelegate.swift in Sources */ = {isa = PBXBuildFile; fileRef = 8AF172D21B4B6B2C00D85C1D /* AppDelegate.swift */; };
/* End PBXBuildFile section */

/* Begin PBXContainerItemProxy section */
		8AC04C441B66695800EA7B1C /* PBXContainerItemProxy */ = {
			isa = PBXContainerItemProxy;
			containerPortal = 8AC04C261B66695800EA7B1C /* Project object */;
			proxyType = 1;
			remoteGlobalIDString = 8AC04C2D1B66695800EA7B1C;
			remoteInfo = RIDE417;
		};
/* End PBXContainerItemProxy section */

/* Begin PBXFileReference section */
		20898DD41B52D692009DE1EA /* RIDE417-Bridging-Header.h */ = {isa = PBXFileReference; lastKnownFileType = sourcecode.c.h; path = "RIDE417-Bridging-Header.h"; sourceTree = "<group>"; };
		20898DD51B52D692009DE1EA /* login.m */ = {isa = PBXFileReference; fileEncoding = 4; lastKnownFileType = sourcecode.c.objc; path = login.m; sourceTree = "<group>"; };
		20898DD71B538ABD009DE1EA /* RequestController.swift */ = {isa = PBXFileReference; fileEncoding = 4; lastKnownFileType = sourcecode.swift; path = RequestController.swift; sourceTree = "<group>"; };
		8AC04C2E1B66695800EA7B1C /* RIDE417.app */ = {isa = PBXFileReference; explicitFileType = wrapper.application; includeInIndex = 0; path = RIDE417.app; sourceTree = BUILT_PRODUCTS_DIR; };
		8AC04C321B66695800EA7B1C /* Info.plist */ = {isa = PBXFileReference; lastKnownFileType = text.plist.xml; path = Info.plist; sourceTree = "<group>"; };
		8AC04C331B66695800EA7B1C /* AppDelegate.swift */ = {isa = PBXFileReference; lastKnownFileType = sourcecode.swift; path = AppDelegate.swift; sourceTree = "<group>"; };
		8AC04C351B66695800EA7B1C /* ViewController.swift */ = {isa = PBXFileReference; lastKnownFileType = sourcecode.swift; path = ViewController.swift; sourceTree = "<group>"; };
		8AC04C381B66695800EA7B1C /* Base */ = {isa = PBXFileReference; lastKnownFileType = file.storyboard; name = Base; path = Base.lproj/Main.storyboard; sourceTree = "<group>"; };
		8AC04C3A1B66695800EA7B1C /* Images.xcassets */ = {isa = PBXFileReference; lastKnownFileType = folder.assetcatalog; path = Images.xcassets; sourceTree = "<group>"; };
		8AC04C3D1B66695800EA7B1C /* Base */ = {isa = PBXFileReference; lastKnownFileType = file.xib; name = Base; path = Base.lproj/LaunchScreen.xib; sourceTree = "<group>"; };
		8AC04C431B66695800EA7B1C /* RIDE417Tests.xctest */ = {isa = PBXFileReference; explicitFileType = wrapper.cfbundle; includeInIndex = 0; path = RIDE417Tests.xctest; sourceTree = BUILT_PRODUCTS_DIR; };
		8AC04C481B66695800EA7B1C /* Info.plist */ = {isa = PBXFileReference; lastKnownFileType = text.plist.xml; path = Info.plist; sourceTree = "<group>"; };
		8AC04C491B66695800EA7B1C /* RIDE417Tests.swift */ = {isa = PBXFileReference; lastKnownFileType = sourcecode.swift; path = RIDE417Tests.swift; sourceTree = "<group>"; };
		8AC04C551B667A7900EA7B1C /* NewAccountViewController.swift */ = {isa = PBXFileReference; fileEncoding = 4; lastKnownFileType = sourcecode.swift; path = NewAccountViewController.swift; sourceTree = "<group>"; };
		8AC04C571B66BBCA00EA7B1C /* Bolts.framework */ = {isa = PBXFileReference; lastKnownFileType = wrapper.framework; path = Bolts.framework; sourceTree = "<group>"; };
		8AC04C581B66BBCA00EA7B1C /* Parse.framework */ = {isa = PBXFileReference; lastKnownFileType = wrapper.framework; path = Parse.framework; sourceTree = "<group>"; };
		8AC04C591B66BBCA00EA7B1C /* ParseCrashReporting.framework */ = {isa = PBXFileReference; lastKnownFileType = wrapper.framework; path = ParseCrashReporting.framework; sourceTree = "<group>"; };
		8AC04C5A1B66BBCA00EA7B1C /* ParseFacebookUtils.framework */ = {isa = PBXFileReference; lastKnownFileType = wrapper.framework; path = ParseFacebookUtils.framework; sourceTree = "<group>"; };
		8AC04C5B1B66BBCA00EA7B1C /* ParseFacebookUtilsV4.framework */ = {isa = PBXFileReference; lastKnownFileType = wrapper.framework; path = ParseFacebookUtilsV4.framework; sourceTree = "<group>"; };
		8AC04C5C1B66BBCA00EA7B1C /* ParseUI.framework */ = {isa = PBXFileReference; lastKnownFileType = wrapper.framework; path = ParseUI.framework; sourceTree = "<group>"; };
		8AC04C631B66BC3600EA7B1C /* AudioToolbox.framework */ = {isa = PBXFileReference; lastKnownFileType = wrapper.framework; name = AudioToolbox.framework; path = System/Library/Frameworks/AudioToolbox.framework; sourceTree = SDKROOT; };
		8AC04C641B66BC3600EA7B1C /* CFNetwork.framework */ = {isa = PBXFileReference; lastKnownFileType = wrapper.framework; name = CFNetwork.framework; path = System/Library/Frameworks/CFNetwork.framework; sourceTree = SDKROOT; };
		8AC04C651B66BC3600EA7B1C /* CoreGraphics.framework */ = {isa = PBXFileReference; lastKnownFileType = wrapper.framework; name = CoreGraphics.framework; path = System/Library/Frameworks/CoreGraphics.framework; sourceTree = SDKROOT; };
		8AC04C661B66BC3600EA7B1C /* CoreLocation.framework */ = {isa = PBXFileReference; lastKnownFileType = wrapper.framework; name = CoreLocation.framework; path = System/Library/Frameworks/CoreLocation.framework; sourceTree = SDKROOT; };
		8AC04C6B1B66BC5F00EA7B1C /* QuartzCore.framework */ = {isa = PBXFileReference; lastKnownFileType = wrapper.framework; name = QuartzCore.framework; path = System/Library/Frameworks/QuartzCore.framework; sourceTree = SDKROOT; };
		8AC04C6C1B66BC5F00EA7B1C /* Security.framework */ = {isa = PBXFileReference; lastKnownFileType = wrapper.framework; name = Security.framework; path = System/Library/Frameworks/Security.framework; sourceTree = SDKROOT; };
		8AC04C6D1B66BC5F00EA7B1C /* StoreKit.framework */ = {isa = PBXFileReference; lastKnownFileType = wrapper.framework; name = StoreKit.framework; path = System/Library/Frameworks/StoreKit.framework; sourceTree = SDKROOT; };
		8AC04C6E1B66BC5F00EA7B1C /* SystemConfiguration.framework */ = {isa = PBXFileReference; lastKnownFileType = wrapper.framework; name = SystemConfiguration.framework; path = System/Library/Frameworks/SystemConfiguration.framework; sourceTree = SDKROOT; };
		8AC04C731B66BC8000EA7B1C /* libsqlite3.dylib */ = {isa = PBXFileReference; lastKnownFileType = "compiled.mach-o.dylib"; name = libsqlite3.dylib; path = usr/lib/libsqlite3.dylib; sourceTree = SDKROOT; };
		8AC04C741B66BC8000EA7B1C /* libz.dylib */ = {isa = PBXFileReference; lastKnownFileType = "compiled.mach-o.dylib"; name = libz.dylib; path = usr/lib/libz.dylib; sourceTree = SDKROOT; };
		8AF172D21B4B6B2C00D85C1D /* AppDelegate.swift */ = {isa = PBXFileReference; lastKnownFileType = sourcecode.swift; path = AppDelegate.swift; sourceTree = "<group>"; };
		8AF172D91B4B6B2C00D85C1D /* Images.xcassets */ = {isa = PBXFileReference; lastKnownFileType = folder.assetcatalog; path = Images.xcassets; sourceTree = "<group>"; };
/* End PBXFileReference section */

/* Begin PBXFrameworksBuildPhase section */
		8AC04C2B1B66695800EA7B1C /* Frameworks */ = {
			isa = PBXFrameworksBuildPhase;
			buildActionMask = 2147483647;
			files = (
				8AC04C751B66BC8000EA7B1C /* libsqlite3.dylib in Frameworks */,
				8AC04C761B66BC8000EA7B1C /* libz.dylib in Frameworks */,
				8AC04C6F1B66BC5F00EA7B1C /* QuartzCore.framework in Frameworks */,
				8AC04C701B66BC5F00EA7B1C /* Security.framework in Frameworks */,
				8AC04C711B66BC5F00EA7B1C /* StoreKit.framework in Frameworks */,
				8AC04C721B66BC5F00EA7B1C /* SystemConfiguration.framework in Frameworks */,
				8AC04C671B66BC3600EA7B1C /* AudioToolbox.framework in Frameworks */,
				8AC04C681B66BC3600EA7B1C /* CFNetwork.framework in Frameworks */,
				8AC04C691B66BC3600EA7B1C /* CoreGraphics.framework in Frameworks */,
				8AC04C6A1B66BC3600EA7B1C /* CoreLocation.framework in Frameworks */,
				8AC04C621B66BBCA00EA7B1C /* ParseUI.framework in Frameworks */,
				8AC04C5E1B66BBCA00EA7B1C /* Parse.framework in Frameworks */,
				8AC04C5F1B66BBCA00EA7B1C /* ParseCrashReporting.framework in Frameworks */,
				8AC04C601B66BBCA00EA7B1C /* ParseFacebookUtils.framework in Frameworks */,
				8AC04C5D1B66BBCA00EA7B1C /* Bolts.framework in Frameworks */,
				8AC04C611B66BBCA00EA7B1C /* ParseFacebookUtilsV4.framework in Frameworks */,
			);
			runOnlyForDeploymentPostprocessing = 0;
		};
		8AC04C401B66695800EA7B1C /* Frameworks */ = {
			isa = PBXFrameworksBuildPhase;
			buildActionMask = 2147483647;
			files = (
			);
			runOnlyForDeploymentPostprocessing = 0;
		};
/* End PBXFrameworksBuildPhase section */

/* Begin PBXGroup section */
		8AC04C251B66695800EA7B1C = {
			isa = PBXGroup;
			children = (
				8AC04C731B66BC8000EA7B1C /* libsqlite3.dylib */,
				8AC04C741B66BC8000EA7B1C /* libz.dylib */,
				8AC04C6B1B66BC5F00EA7B1C /* QuartzCore.framework */,
				8AC04C6C1B66BC5F00EA7B1C /* Security.framework */,
				8AC04C6D1B66BC5F00EA7B1C /* StoreKit.framework */,
				8AC04C6E1B66BC5F00EA7B1C /* SystemConfiguration.framework */,
				8AC04C631B66BC3600EA7B1C /* AudioToolbox.framework */,
				8AC04C641B66BC3600EA7B1C /* CFNetwork.framework */,
				8AC04C651B66BC3600EA7B1C /* CoreGraphics.framework */,
				8AC04C661B66BC3600EA7B1C /* CoreLocation.framework */,
				8AC04C571B66BBCA00EA7B1C /* Bolts.framework */,
				8AC04C581B66BBCA00EA7B1C /* Parse.framework */,
				8AC04C591B66BBCA00EA7B1C /* ParseCrashReporting.framework */,
				8AC04C5A1B66BBCA00EA7B1C /* ParseFacebookUtils.framework */,
				8AC04C5B1B66BBCA00EA7B1C /* ParseFacebookUtilsV4.framework */,
				8AC04C5C1B66BBCA00EA7B1C /* ParseUI.framework */,
				8AC04C301B66695800EA7B1C /* RIDE417 */,
				8AC04C461B66695800EA7B1C /* RIDE417Tests */,
				8AC04C2F1B66695800EA7B1C /* Products */,
			);
			sourceTree = "<group>";
		};
		8AC04C2F1B66695800EA7B1C /* Products */ = {
			isa = PBXGroup;
			children = (
				8AC04C2E1B66695800EA7B1C /* RIDE417.app */,
				8AC04C431B66695800EA7B1C /* RIDE417Tests.xctest */,
			);
			name = Products;
			sourceTree = "<group>";
		};
		8AC04C301B66695800EA7B1C /* RIDE417 */ = {
			isa = PBXGroup;
			children = (
				8AF172D21B4B6B2C00D85C1D /* AppDelegate.swift */,
				20898DD51B52D692009DE1EA /* login.m */,
				20898DD71B538ABD009DE1EA /* RequestController.swift */,
				8AF172D91B4B6B2C00D85C1D /* Images.xcassets */,
				20898DD41B52D692009DE1EA /* RIDE417-Bridging-Header.h */,
				8AC04C331B66695800EA7B1C /* AppDelegate.swift */,
				8AC04C351B66695800EA7B1C /* ViewController.swift */,
				8AC04C371B66695800EA7B1C /* Main.storyboard */,
				8AC04C3A1B66695800EA7B1C /* Images.xcassets */,
				8AC04C3C1B66695800EA7B1C /* LaunchScreen.xib */,
				8AC04C311B66695800EA7B1C /* Supporting Files */,
				8AC04C551B667A7900EA7B1C /* NewAccountViewController.swift */,
			);
			path = RIDE417;
			sourceTree = "<group>";
		};
		8AC04C311B66695800EA7B1C /* Supporting Files */ = {
			isa = PBXGroup;
			children = (
				8AC04C321B66695800EA7B1C /* Info.plist */,
			);
			name = "Supporting Files";
			sourceTree = "<group>";
		};
		8AC04C461B66695800EA7B1C /* RIDE417Tests */ = {
			isa = PBXGroup;
			children = (
				8AC04C491B66695800EA7B1C /* RIDE417Tests.swift */,
				8AC04C471B66695800EA7B1C /* Supporting Files */,
			);
			path = RIDE417Tests;
			sourceTree = "<group>";
		};
		8AC04C471B66695800EA7B1C /* Supporting Files */ = {
			isa = PBXGroup;
			children = (
				8AC04C481B66695800EA7B1C /* Info.plist */,
			);
			name = "Supporting Files";
			sourceTree = "<group>";
		};
/* End PBXGroup section */

/* Begin PBXNativeTarget section */
		8AC04C2D1B66695800EA7B1C /* RIDE417 */ = {
			isa = PBXNativeTarget;
			buildConfigurationList = 8AC04C4D1B66695800EA7B1C /* Build configuration list for PBXNativeTarget "RIDE417" */;
			buildPhases = (
				8AC04C2A1B66695800EA7B1C /* Sources */,
				8AC04C2B1B66695800EA7B1C /* Frameworks */,
				8AC04C2C1B66695800EA7B1C /* Resources */,
			);
			buildRules = (
			);
			dependencies = (
			);
			name = RIDE417;
			productName = RIDE417;
			productReference = 8AC04C2E1B66695800EA7B1C /* RIDE417.app */;
			productType = "com.apple.product-type.application";
		};
		8AC04C421B66695800EA7B1C /* RIDE417Tests */ = {
			isa = PBXNativeTarget;
			buildConfigurationList = 8AC04C501B66695800EA7B1C /* Build configuration list for PBXNativeTarget "RIDE417Tests" */;
			buildPhases = (
				8AC04C3F1B66695800EA7B1C /* Sources */,
				8AC04C401B66695800EA7B1C /* Frameworks */,
				8AC04C411B66695800EA7B1C /* Resources */,
			);
			buildRules = (
			);
			dependencies = (
				8AC04C451B66695800EA7B1C /* PBXTargetDependency */,
			);
			name = RIDE417Tests;
			productName = RIDE417Tests;
			productReference = 8AC04C431B66695800EA7B1C /* RIDE417Tests.xctest */;
			productType = "com.apple.product-type.bundle.unit-test";
		};
/* End PBXNativeTarget section */

/* Begin PBXProject section */
		8AC04C261B66695800EA7B1C /* Project object */ = {
			isa = PBXProject;
			attributes = {
				LastUpgradeCheck = 0630;
				ORGANIZATIONNAME = "Erika Fitzpatrick";
				TargetAttributes = {
					8AC04C2D1B66695800EA7B1C = {
						CreatedOnToolsVersion = 6.3.2;
					};
					8AC04C421B66695800EA7B1C = {
						CreatedOnToolsVersion = 6.3.2;
						TestTargetID = 8AC04C2D1B66695800EA7B1C;
					};
				};
			};
			buildConfigurationList = 8AC04C291B66695800EA7B1C /* Build configuration list for PBXProject "RIDE417" */;
			compatibilityVersion = "Xcode 3.2";
			developmentRegion = English;
			hasScannedForEncodings = 0;
			knownRegions = (
				en,
				Base,
			);
			mainGroup = 8AC04C251B66695800EA7B1C;
			productRefGroup = 8AC04C2F1B66695800EA7B1C /* Products */;
			projectDirPath = "";
			projectRoot = "";
			targets = (
				8AC04C2D1B66695800EA7B1C /* RIDE417 */,
				8AC04C421B66695800EA7B1C /* RIDE417Tests */,
			);
		};
/* End PBXProject section */

/* Begin PBXResourcesBuildPhase section */
		8AC04C2C1B66695800EA7B1C /* Resources */ = {
			isa = PBXResourcesBuildPhase;
			buildActionMask = 2147483647;
			files = (
				8AC04C531B6673F800EA7B1C /* Main.storyboard in Resources */,
				8AC04C3E1B66695800EA7B1C /* LaunchScreen.xib in Resources */,
				8AC04C3B1B66695800EA7B1C /* Images.xcassets in Resources */,
			);
			runOnlyForDeploymentPostprocessing = 0;
		};
		8AC04C411B66695800EA7B1C /* Resources */ = {
			isa = PBXResourcesBuildPhase;
			buildActionMask = 2147483647;
			files = (
			);
			runOnlyForDeploymentPostprocessing = 0;
		};
/* End PBXResourcesBuildPhase section */

/* Begin PBXSourcesBuildPhase section */
		8AC04C2A1B66695800EA7B1C /* Sources */ = {
			isa = PBXSourcesBuildPhase;
			buildActionMask = 2147483647;
			files = (
				20898DD61B52D692009DE1EA /* login.m in Sources */,
				8AF172D31B4B6B2C00D85C1D /* AppDelegate.swift in Sources */,
				20898DD81B538ABD009DE1EA /* RequestController.swift in Sources */,
				8AC04C541B66766400EA7B1C /* ViewController.swift in Sources */,
				8AC04C341B66695800EA7B1C /* AppDelegate.swift in Sources */,
				8AC04C561B667A7900EA7B1C /* NewAccountViewController.swift in Sources */,
			);
			runOnlyForDeploymentPostprocessing = 0;
		};
		8AC04C3F1B66695800EA7B1C /* Sources */ = {
			isa = PBXSourcesBuildPhase;
			buildActionMask = 2147483647;
			files = (
				8AC04C4A1B66695800EA7B1C /* RIDE417Tests.swift in Sources */,
			);
			runOnlyForDeploymentPostprocessing = 0;
		};
/* End PBXSourcesBuildPhase section */

/* Begin PBXTargetDependency section */
		8AC04C451B66695800EA7B1C /* PBXTargetDependency */ = {
			isa = PBXTargetDependency;
			target = 8AC04C2D1B66695800EA7B1C /* RIDE417 */;
			targetProxy = 8AC04C441B66695800EA7B1C /* PBXContainerItemProxy */;
		};
/* End PBXTargetDependency section */

/* Begin PBXVariantGroup section */
		8AC04C371B66695800EA7B1C /* Main.storyboard */ = {
			isa = PBXVariantGroup;
			children = (
				8AC04C381B66695800EA7B1C /* Base */,
			);
			name = Main.storyboard;
			sourceTree = "<group>";
		};
		8AC04C3C1B66695800EA7B1C /* LaunchScreen.xib */ = {
			isa = PBXVariantGroup;
			children = (
				8AC04C3D1B66695800EA7B1C /* Base */,
			);
			name = LaunchScreen.xib;
			sourceTree = "<group>";
		};
/* End PBXVariantGroup section */

/* Begin XCBuildConfiguration section */
		8AC04C4B1B66695800EA7B1C /* Debug */ = {
			isa = XCBuildConfiguration;
			buildSettings = {
				ALWAYS_SEARCH_USER_PATHS = NO;
				CLANG_CXX_LANGUAGE_STANDARD = "gnu++0x";
				CLANG_CXX_LIBRARY = "libc++";
				CLANG_ENABLE_MODULES = YES;
				CLANG_ENABLE_OBJC_ARC = YES;
				CLANG_WARN_BOOL_CONVERSION = YES;
				CLANG_WARN_CONSTANT_CONVERSION = YES;
				CLANG_WARN_DIRECT_OBJC_ISA_USAGE = YES_ERROR;
				CLANG_WARN_EMPTY_BODY = YES;
				CLANG_WARN_ENUM_CONVERSION = YES;
				CLANG_WARN_INT_CONVERSION = YES;
				CLANG_WARN_OBJC_ROOT_CLASS = YES_ERROR;
				CLANG_WARN_UNREACHABLE_CODE = YES;
				CLANG_WARN__DUPLICATE_METHOD_MATCH = YES;
				"CODE_SIGN_IDENTITY[sdk=iphoneos*]" = "iPhone Developer";
				COPY_PHASE_STRIP = NO;
				DEBUG_INFORMATION_FORMAT = "dwarf-with-dsym";
				ENABLE_STRICT_OBJC_MSGSEND = YES;
				GCC_C_LANGUAGE_STANDARD = gnu99;
				GCC_DYNAMIC_NO_PIC = NO;
				GCC_NO_COMMON_BLOCKS = YES;
				GCC_OPTIMIZATION_LEVEL = 0;
				GCC_PREPROCESSOR_DEFINITIONS = (
					"DEBUG=1",
					"$(inherited)",
				);
				GCC_SYMBOLS_PRIVATE_EXTERN = NO;
				GCC_WARN_64_TO_32_BIT_CONVERSION = YES;
				GCC_WARN_ABOUT_RETURN_TYPE = YES_ERROR;
				GCC_WARN_UNDECLARED_SELECTOR = YES;
				GCC_WARN_UNINITIALIZED_AUTOS = YES_AGGRESSIVE;
				GCC_WARN_UNUSED_FUNCTION = YES;
				GCC_WARN_UNUSED_VARIABLE = YES;
				IPHONEOS_DEPLOYMENT_TARGET = 8.3;
				MTL_ENABLE_DEBUG_INFO = YES;
				ONLY_ACTIVE_ARCH = YES;
				SDKROOT = iphoneos;
				SWIFT_OPTIMIZATION_LEVEL = "-Onone";
				TARGETED_DEVICE_FAMILY = "1,2";
			};
			name = Debug;
		};
		8AC04C4C1B66695800EA7B1C /* Release */ = {
			isa = XCBuildConfiguration;
			buildSettings = {
				ALWAYS_SEARCH_USER_PATHS = NO;
				CLANG_CXX_LANGUAGE_STANDARD = "gnu++0x";
				CLANG_CXX_LIBRARY = "libc++";
				CLANG_ENABLE_MODULES = YES;
				CLANG_ENABLE_OBJC_ARC = YES;
				CLANG_WARN_BOOL_CONVERSION = YES;
				CLANG_WARN_CONSTANT_CONVERSION = YES;
				CLANG_WARN_DIRECT_OBJC_ISA_USAGE = YES_ERROR;
				CLANG_WARN_EMPTY_BODY = YES;
				CLANG_WARN_ENUM_CONVERSION = YES;
				CLANG_WARN_INT_CONVERSION = YES;
				CLANG_WARN_OBJC_ROOT_CLASS = YES_ERROR;
				CLANG_WARN_UNREACHABLE_CODE = YES;
				CLANG_WARN__DUPLICATE_METHOD_MATCH = YES;
				"CODE_SIGN_IDENTITY[sdk=iphoneos*]" = "iPhone Developer";
				COPY_PHASE_STRIP = NO;
				DEBUG_INFORMATION_FORMAT = "dwarf-with-dsym";
				ENABLE_NS_ASSERTIONS = NO;
				ENABLE_STRICT_OBJC_MSGSEND = YES;
				GCC_C_LANGUAGE_STANDARD = gnu99;
				GCC_NO_COMMON_BLOCKS = YES;
				GCC_WARN_64_TO_32_BIT_CONVERSION = YES;
				GCC_WARN_ABOUT_RETURN_TYPE = YES_ERROR;
				GCC_WARN_UNDECLARED_SELECTOR = YES;
				GCC_WARN_UNINITIALIZED_AUTOS = YES_AGGRESSIVE;
				GCC_WARN_UNUSED_FUNCTION = YES;
				GCC_WARN_UNUSED_VARIABLE = YES;
				IPHONEOS_DEPLOYMENT_TARGET = 8.3;
				MTL_ENABLE_DEBUG_INFO = NO;
				SDKROOT = iphoneos;
				TARGETED_DEVICE_FAMILY = "1,2";
				VALIDATE_PRODUCT = YES;
			};
			name = Release;
		};
		8AC04C4E1B66695800EA7B1C /* Debug */ = {
			isa = XCBuildConfiguration;
			buildSettings = {
				ASSETCATALOG_COMPILER_APPICON_NAME = AppIcon;
				FRAMEWORK_SEARCH_PATHS = (
					"$(inherited)",
					"$(PROJECT_DIR)",
				);
				INFOPLIST_FILE = RIDE417/Info.plist;
				LD_RUNPATH_SEARCH_PATHS = "$(inherited) @executable_path/Frameworks";
				PRODUCT_NAME = "$(TARGET_NAME)";
			};
			name = Debug;
		};
		8AC04C4F1B66695800EA7B1C /* Release */ = {
			isa = XCBuildConfiguration;
			buildSettings = {
				ASSETCATALOG_COMPILER_APPICON_NAME = AppIcon;
				FRAMEWORK_SEARCH_PATHS = (
					"$(inherited)",
					"$(PROJECT_DIR)",
				);
				INFOPLIST_FILE = RIDE417/Info.plist;
				LD_RUNPATH_SEARCH_PATHS = "$(inherited) @executable_path/Frameworks";
				PRODUCT_NAME = "$(TARGET_NAME)";
			};
			name = Release;
		};
		8AC04C511B66695800EA7B1C /* Debug */ = {
			isa = XCBuildConfiguration;
			buildSettings = {
				BUNDLE_LOADER = "$(TEST_HOST)";
				FRAMEWORK_SEARCH_PATHS = (
					"$(SDKROOT)/Developer/Library/Frameworks",
					"$(inherited)",
				);
				GCC_PREPROCESSOR_DEFINITIONS = (
					"DEBUG=1",
					"$(inherited)",
				);
				INFOPLIST_FILE = RIDE417Tests/Info.plist;
				LD_RUNPATH_SEARCH_PATHS = "$(inherited) @executable_path/Frameworks @loader_path/Frameworks";
				PRODUCT_NAME = "$(TARGET_NAME)";
				TEST_HOST = "$(BUILT_PRODUCTS_DIR)/RIDE417.app/RIDE417";
			};
			name = Debug;
		};
		8AC04C521B66695800EA7B1C /* Release */ = {
			isa = XCBuildConfiguration;
			buildSettings = {
				BUNDLE_LOADER = "$(TEST_HOST)";
				FRAMEWORK_SEARCH_PATHS = (
					"$(SDKROOT)/Developer/Library/Frameworks",
					"$(inherited)",
				);
				INFOPLIST_FILE = RIDE417Tests/Info.plist;
				LD_RUNPATH_SEARCH_PATHS = "$(inherited) @executable_path/Frameworks @loader_path/Frameworks";
				PRODUCT_NAME = "$(TARGET_NAME)";
				TEST_HOST = "$(BUILT_PRODUCTS_DIR)/RIDE417.app/RIDE417";
			};
			name = Release;
		};
/* End XCBuildConfiguration section */

/* Begin XCConfigurationList section */
		8AC04C291B66695800EA7B1C /* Build configuration list for PBXProject "RIDE417" */ = {
			isa = XCConfigurationList;
			buildConfigurations = (
				8AC04C4B1B66695800EA7B1C /* Debug */,
				8AC04C4C1B66695800EA7B1C /* Release */,
			);
			defaultConfigurationIsVisible = 0;
			defaultConfigurationName = Release;
		};
		8AC04C4D1B66695800EA7B1C /* Build configuration list for PBXNativeTarget "RIDE417" */ = {
			isa = XCConfigurationList;
			buildConfigurations = (
				8AC04C4E1B66695800EA7B1C /* Debug */,
				8AC04C4F1B66695800EA7B1C /* Release */,
			);
			defaultConfigurationIsVisible = 0;
			defaultConfigurationName = Release;
		};
		8AC04C501B66695800EA7B1C /* Build configuration list for PBXNativeTarget "RIDE417Tests" */ = {
			isa = XCConfigurationList;
			buildConfigurations = (
				8AC04C511B66695800EA7B1C /* Debug */,
				8AC04C521B66695800EA7B1C /* Release */,
			);
			defaultConfigurationIsVisible = 0;
			defaultConfigurationName = Release;
		};
/* End XCConfigurationList section */
	};
	rootObject = 8AC04C261B66695800EA7B1C /* Project object */;
}
